
Microsoft Visual Studio Solution File, Format Version 12.00
# Visual Studio Version 17
VisualStudioVersion = 17.5.33414.496
MinimumVisualStudioVersion = 10.0.40219.1
Project("{9A19103F-16F7-4668-BE54-9A1E7A4F7556}") = "PDS", "PDS\PDS.csproj", "{DCC74A7E-3F1C-4509-AB39-2D8978998692}"
EndProject
Global
	GlobalSection(SolutionConfigurationPlatforms) = preSolution
		Debug|Any CPU = Debug|Any CPU
		Release|Any CPU = Release|Any CPU
	EndGlobalSection
	GlobalSection(ProjectConfigurationPlatforms) = postSolution
		{DCC74A7E-3F1C-4509-AB39-2D8978998692}.Debug|Any CPU.ActiveCfg = Debug|Any CPU
		{DCC74A7E-3F1C-4509-AB39-2D8978998692}.Debug|Any CPU.Build.0 = Debug|Any CPU
		{DCC74A7E-3F1C-4509-AB39-2D8978998692}.Release|Any CPU.ActiveCfg = Release|Any CPU
		{DCC74A7E-3F1C-4509-AB39-2D8978998692}.Release|Any CPU.Build.0 = Release|Any CPU
	EndGlobalSection
	GlobalSection(SolutionProperties) = preSolution
		HideSolutionNode = FALSE
	EndGlobalSection
	GlobalSection(ExtensibilityGlobals) = postSolution
		SolutionGuid = {1A767235-4C88-4043-9CF3-CA4C901F6AAA}
	EndGlobalSection
EndGlobal
